Microsoft Visual Studio Solution File, Format Version 12.00
# Visual Studio Version 17
VisualStudioVersion = 17.5.2.0
MinimumVisualStudioVersion = 10.0.40219.1
Project("{2150E333-8FDC-42A3-9474-1A3956D46DE8}") = "webapp", "webapp", "{7E50A06F-A38B-7BE7-1137-409223B8AEF0}"
EndProject
Project("{FAE04EC0-301F-11D3-BF4B-00C04F79EFBC}") = "PredictTheScore.Web", "webapp\PredictTheScore.Web\PredictTheScore.Web.csproj", "{5AAC9C0D-C0D1-1BB0-9D30-75706133F629}"
EndProject
Global
	GlobalSection(SolutionConfigurationPlatforms) = preSolution
		Debug|Any CPU = Debug|Any CPU
		Release|Any CPU = Release|Any CPU
	EndGlobalSection
	GlobalSection(ProjectConfigurationPlatforms) = postSolution
		{5AAC9C0D-C0D1-1BB0-9D30-75706133F629}.Debug|Any CPU.ActiveCfg = Debug|Any CPU
		{5AAC9C0D-C0D1-1BB0-9D30-75706133F629}.Debug|Any CPU.Build.0 = Debug|Any CPU
		{5AAC9C0D-C0D1-1BB0-9D30-75706133F629}.Release|Any CPU.ActiveCfg = Release|Any CPU
		{5AAC9C0D-C0D1-1BB0-9D30-75706133F629}.Release|Any CPU.Build.0 = Release|Any CPU
	EndGlobalSection
	GlobalSection(SolutionProperties) = preSolution
		HideSolutionNode = FALSE
	EndGlobalSection
	GlobalSection(NestedProjects) = preSolution
		{5AAC9C0D-C0D1-1BB0-9D30-75706133F629} = {7E50A06F-A38B-7BE7-1137-409223B8AEF0}
	EndGlobalSection
	GlobalSection(ExtensibilityGlobals) = postSolution
		SolutionGuid = {DC027BDD-5472-4EE3-9C01-0672B695F9DF}
	EndGlobalSection
EndGlobal
